
Microsoft Visual Studio Solution File, Format Version 12.00
# Visual Studio Version 16
VisualStudioVersion = 16.0.30114.105
MinimumVisualStudioVersion = 10.0.40219.1
Project("{FAE04EC0-301F-11D3-BF4B-00C04F79EFBC}") = "Learn.Net", "Learn.Net\Learn.Net.csproj", "{E16C48BF-13DF-462D-99E6-BBD4A9167819}"
EndProject
Project("{FAE04EC0-301F-11D3-BF4B-00C04F79EFBC}") = "TestLibrary", "TestLibrary\TestLibrary.csproj", "{4BA7B09A-73D6-4A38-8F4E-0AEB98678FE1}"
EndProject
Global
	GlobalSection(SolutionConfigurationPlatforms) = preSolution
		Debug|Any CPU = Debug|Any CPU
		Release|Any CPU = Release|Any CPU
	EndGlobalSection
	GlobalSection(ProjectConfigurationPlatforms) = postSolution
		{E16C48BF-13DF-462D-99E6-BBD4A9167819}.Debug|Any CPU.ActiveCfg = Debug|Any CPU
		{E16C48BF-13DF-462D-99E6-BBD4A9167819}.Debug|Any CPU.Build.0 = Debug|Any CPU
		{E16C48BF-13DF-462D-99E6-BBD4A9167819}.Release|Any CPU.ActiveCfg = Release|Any CPU
		{E16C48BF-13DF-462D-99E6-BBD4A9167819}.Release|Any CPU.Build.0 = Release|Any CPU
		{4BA7B09A-73D6-4A38-8F4E-0AEB98678FE1}.Debug|Any CPU.ActiveCfg = Debug|Any CPU
		{4BA7B09A-73D6-4A38-8F4E-0AEB98678FE1}.Debug|Any CPU.Build.0 = Debug|Any CPU
		{4BA7B09A-73D6-4A38-8F4E-0AEB98678FE1}.Release|Any CPU.ActiveCfg = Release|Any CPU
		{4BA7B09A-73D6-4A38-8F4E-0AEB98678FE1}.Release|Any CPU.Build.0 = Release|Any CPU
	EndGlobalSection
	GlobalSection(SolutionProperties) = preSolution
		HideSolutionNode = FALSE
	EndGlobalSection
	GlobalSection(ExtensibilityGlobals) = postSolution
		SolutionGuid = {21380F0D-7629-407F-8F8C-23C08FDC2CC2}
	EndGlobalSection
EndGlobal
